
Microsoft Visual Studio Solution File, Format Version 12.00
# Visual Studio Version 16
VisualStudioVersion = 16.0.30104.148
MinimumVisualStudioVersion = 10.0.40219.1
Project("{FAE04EC0-301F-11D3-BF4B-00C04F79EFBC}") = "LABORATORIO_PROGRA_8_7", "LABORATORIO_PROGRA_8_7\LABORATORIO_PROGRA_8_7.csproj", "{4BAE2A7E-BD05-4DDC-95C4-08BC9B9DFF48}"
EndProject
Project("{FAE04EC0-301F-11D3-BF4B-00C04F79EFBC}") = "CapaDatos", "CapaDatos\CapaDatos.csproj", "{3590D22E-BF22-49C8-A527-3FD64004C46F}"
EndProject
Global
	GlobalSection(SolutionConfigurationPlatforms) = preSolution
		Debug|Any CPU = Debug|Any CPU
		Release|Any CPU = Release|Any CPU
	EndGlobalSection
	GlobalSection(ProjectConfigurationPlatforms) = postSolution
		{4BAE2A7E-BD05-4DDC-95C4-08BC9B9DFF48}.Debug|Any CPU.ActiveCfg = Debug|Any CPU
		{4BAE2A7E-BD05-4DDC-95C4-08BC9B9DFF48}.Debug|Any CPU.Build.0 = Debug|Any CPU
		{4BAE2A7E-BD05-4DDC-95C4-08BC9B9DFF48}.Release|Any CPU.ActiveCfg = Release|Any CPU
		{4BAE2A7E-BD05-4DDC-95C4-08BC9B9DFF48}.Release|Any CPU.Build.0 = Release|Any CPU
		{3590D22E-BF22-49C8-A527-3FD64004C46F}.Debug|Any CPU.ActiveCfg = Debug|Any CPU
		{3590D22E-BF22-49C8-A527-3FD64004C46F}.Debug|Any CPU.Build.0 = Debug|Any CPU
		{3590D22E-BF22-49C8-A527-3FD64004C46F}.Release|Any CPU.ActiveCfg = Release|Any CPU
		{3590D22E-BF22-49C8-A527-3FD64004C46F}.Release|Any CPU.Build.0 = Release|Any CPU
	EndGlobalSection
	GlobalSection(SolutionProperties) = preSolution
		HideSolutionNode = FALSE
	EndGlobalSection
	GlobalSection(ExtensibilityGlobals) = postSolution
		SolutionGuid = {F094D8BA-BB5E-4191-8F0D-7B943A630C05}
	EndGlobalSection
EndGlobal
